{
  "version": "5",
  "specifiers": {
    "npm:kkrpc@^2.1.0": "2.1.0_typescript@6.0.3"
  },
  "npm": {
    "copy-anything@4.0.5": {
      "integrity": "sha512-7Vv6asjS4gMOuILabD3l739tsaxFQmC+a7pLZm02zyvs8p977bL3zEgq3yDk5rn9B0PbYgIv++jmHcuUab4RhA==",
      "dependencies": [
        "is-what"
      ]
    },
    "is-what@5.5.0": {
      "integrity": "sha512-oG7cgbmg5kLYae2N5IVd3jm2s+vldjxJzK1pcu9LfpGuQ93MQSzo0okvRna+7y5ifrD+20FE8FvjusyGaz14fw=="
    },
    "kkrpc@2.1.0_typescript@6.0.3": {
      "integrity": "sha512-ijiqw6g83paCFtwN9vjp093F4VUKuq5PT6C9VoCgRqlUGefCYR1LIVzC+4MNodB+sXfjO9z3cM4aeC2QDYIFGQ==",
      "dependencies": [
        "superjson",
        "typescript"
      ]
    },
    "superjson@2.2.6": {
      "integrity": "sha512-H+ue8Zo4vJmV2nRjpx86P35lzwDT3nItnIsocgumgr0hHMQ+ZGq5vrERg9kJBo5AWGmxZDhzDo+WVIJqkB0cGA==",
      "dependencies": [
        "copy-anything"
      ]
    },
    "typescript@6.0.3": {
      "integrity": "sha512-y2TvuxSZPDyQakkFRPZHKFm+KKVqIisdg9/CZwm9ftvKXLP8NRWj38/ODjNbr43SsoXqNuAisEf1GdCxqWcdBw==",
      "bin": true
    }
  },
  "workspace": {
    "dependencies": [
      "npm:kkrpc@^2.1.0"
    ]
  }
}
